{
  "name": "bookshelf-restapi",
  "version": "1.0.0",
  "lockfileVersion": 2,
  "requires": true,
  "packages": {
    "": {
      "name": "bookshelf-restapi",
      "version": "1.0.0",
      "license": "ISC",
      "devDependencies": {
        "czg": "^1.9.1"
      }
    },
    "node_modules/czg": {
      "version": "1.9.1",
      "resolved": "https://registry.npmjs.org/czg/-/czg-1.9.1.tgz",
      "integrity": "sha512-0+vLv7QkoY+YNpGrPjyw6SPqvaOlqQsNJqSI3SC2oh5jNDjMrw2VEWBUg/8j/GZWmn1zCR2ssA8yAG9WK7A5sA==",
      "dev": true,
      "bin": {
        "czg": "bin/index.js",
        "git-czg": "bin/index.js"
      },
      "engines": {
        "node": ">=v12.20.0"
      }
    }
  },
  "dependencies": {
    "czg": {
      "version": "1.9.1",
      "resolved": "https://registry.npmjs.org/czg/-/czg-1.9.1.tgz",
      "integrity": "sha512-0+vLv7QkoY+YNpGrPjyw6SPqvaOlqQsNJqSI3SC2oh5jNDjMrw2VEWBUg/8j/GZWmn1zCR2ssA8yAG9WK7A5sA==",
      "dev": true
    }
  }
}
